
Microsoft Visual Studio Solution File, Format Version 12.00
Project("{FAE04EC0-301F-11D3-BF4B-00C04F79EFBC}") = "TodoApp2", "TodoApp2.csproj", "{90BF3428-8D62-47EE-9A98-8F353A04EA33}"
EndProject
Global
	GlobalSection(SolutionConfigurationPlatforms) = preSolution
		Debug|Any CPU = Debug|Any CPU
		Release|Any CPU = Release|Any CPU
	EndGlobalSection
	GlobalSection(ProjectConfigurationPlatforms) = postSolution
		{90BF3428-8D62-47EE-9A98-8F353A04EA33}.Debug|Any CPU.ActiveCfg = Debug|Any CPU
		{90BF3428-8D62-47EE-9A98-8F353A04EA33}.Debug|Any CPU.Build.0 = Debug|Any CPU
		{90BF3428-8D62-47EE-9A98-8F353A04EA33}.Release|Any CPU.ActiveCfg = Release|Any CPU
		{90BF3428-8D62-47EE-9A98-8F353A04EA33}.Release|Any CPU.Build.0 = Release|Any CPU
	EndGlobalSection
EndGlobal
